
Microsoft Visual Studio Solution File, Format Version 12.00
# Visual Studio Version 17
VisualStudioVersion = 17.8.34511.84
MinimumVisualStudioVersion = 10.0.40219.1
Project("{FAE04EC0-301F-11D3-BF4B-00C04F79EFBC}") = "API", "API\API.csproj", "{04D251B8-45B8-400B-B439-D67B6E31DF53}"
EndProject
Global
	GlobalSection(SolutionConfigurationPlatforms) = preSolution
		Debug|Any CPU = Debug|Any CPU
		Release|Any CPU = Release|Any CPU
	EndGlobalSection
	GlobalSection(ProjectConfigurationPlatforms) = postSolution
		{04D251B8-45B8-400B-B439-D67B6E31DF53}.Debug|Any CPU.ActiveCfg = Debug|Any CPU
		{04D251B8-45B8-400B-B439-D67B6E31DF53}.Debug|Any CPU.Build.0 = Debug|Any CPU
		{04D251B8-45B8-400B-B439-D67B6E31DF53}.Release|Any CPU.ActiveCfg = Release|Any CPU
		{04D251B8-45B8-400B-B439-D67B6E31DF53}.Release|Any CPU.Build.0 = Release|Any CPU
	EndGlobalSection
	GlobalSection(SolutionProperties) = preSolution
		HideSolutionNode = FALSE
	EndGlobalSection
	GlobalSection(ExtensibilityGlobals) = postSolution
		SolutionGuid = {8884A02F-CBB8-4DA0-B94C-08139DBECAE3}
	EndGlobalSection
EndGlobal
